
Microsoft Visual Studio Solution File, Format Version 12.00
# Visual Studio 15
VisualStudioVersion = 15.0.28307.779
MinimumVisualStudioVersion = 10.0.40219.1
Project("{FAE04EC0-301F-11D3-BF4B-00C04F79EFBC}") = "myWebApplication", "myWebApplication\myWebApplication.csproj", "{4EC2E2D4-7361-41E3-9208-C50BB87C1AEC}"
EndProject
Global
	GlobalSection(SolutionConfigurationPlatforms) = preSolution
		Debug|Any CPU = Debug|Any CPU
		Release|Any CPU = Release|Any CPU
	EndGlobalSection
	GlobalSection(ProjectConfigurationPlatforms) = postSolution
		{4EC2E2D4-7361-41E3-9208-C50BB87C1AEC}.Debug|Any CPU.ActiveCfg = Debug|Any CPU
		{4EC2E2D4-7361-41E3-9208-C50BB87C1AEC}.Debug|Any CPU.Build.0 = Debug|Any CPU
		{4EC2E2D4-7361-41E3-9208-C50BB87C1AEC}.Release|Any CPU.ActiveCfg = Release|Any CPU
		{4EC2E2D4-7361-41E3-9208-C50BB87C1AEC}.Release|Any CPU.Build.0 = Release|Any CPU
	EndGlobalSection
	GlobalSection(SolutionProperties) = preSolution
		HideSolutionNode = FALSE
	EndGlobalSection
	GlobalSection(ExtensibilityGlobals) = postSolution
		SolutionGuid = {F54B2498-31C6-41D3-9EAF-BC8C5AE65C1A}
	EndGlobalSection
EndGlobal
